// !$*UTF8*$!
{
	archiveVersion = 1;
	classes = {
	};
	objectVersion = 48;
	objects = {

/* Begin PBXBuildFile section */
		30054353205C6E6A005EBEFE /* ChangeLog.swift in Sources */ = {isa = PBXBuildFile; fileRef = 30054352205C6E6A005EBEFE /* ChangeLog.swift */; };
		300F80362017BDDB00299BFC /* AppDelegate.swift in Sources */ = {isa = PBXBuildFile; fileRef = 300F80352017BDDB00299BFC /* AppDelegate.swift */; };
		300F803B2017BDDB00299BFC /* Main.storyboard in Resources */ = {isa = PBXBuildFile; fileRef = 300F80392017BDDB00299BFC /* Main.storyboard */; };
		300F803E2017BDDC00299BFC /* Stache.xcdatamodeld in Sources */ = {isa = PBXBuildFile; fileRef = 300F803C2017BDDC00299BFC /* Stache.xcdatamodeld */; };
		300F80402017BDDC00299BFC /* Assets.xcassets in Resources */ = {isa = PBXBuildFile; fileRef = 300F803F2017BDDC00299BFC /* Assets.xcassets */; };
		300F80432017BDDC00299BFC /* LaunchScreen.storyboard in Resources */ = {isa = PBXBuildFile; fileRef = 300F80412017BDDC00299BFC /* LaunchScreen.storyboard */; };
		301F898A2058806100F9772B /* SyncManager.swift in Sources */ = {isa = PBXBuildFile; fileRef = 301F89892058806100F9772B /* SyncManager.swift */; };
		303F89892032596D00279B2D /* CloudDataManager.swift in Sources */ = {isa = PBXBuildFile; fileRef = 303F89882032596D00279B2D /* CloudDataManager.swift */; };
		303F89932033851400279B2D /* CloudKit.framework in Frameworks */ = {isa = PBXBuildFile; fileRef = 303F89922033851400279B2D /* CloudKit.framework */; };
		303F899520376A0800279B2D /* CKRecordConvertableProtocol.swift in Sources */ = {isa = PBXBuildFile; fileRef = 303F899420376A0800279B2D /* CKRecordConvertableProtocol.swift */; };
		305D32DD2027B9CF003ADC03 /* PopulatableProtocol.swift in Sources */ = {isa = PBXBuildFile; fileRef = 305D32DC2027B9CF003ADC03 /* PopulatableProtocol.swift */; };
		305D32E02027BAEB003ADC03 /* NSManagedObjectExtension.swift in Sources */ = {isa = PBXBuildFile; fileRef = 305D32DF2027BAEB003ADC03 /* NSManagedObjectExtension.swift */; };
		306BE73A2028161F00936022 /* AddCabinetItemVC.swift in Sources */ = {isa = PBXBuildFile; fileRef = 306BE7392028161F00936022 /* AddCabinetItemVC.swift */; };
		306BE73C2028A5FD00936022 /* CircleView.swift in Sources */ = {isa = PBXBuildFile; fileRef = 306BE73B2028A5FD00936022 /* CircleView.swift */; };
		306E1E682044743400471BA6 /* CloudQueryOperation.swift in Sources */ = {isa = PBXBuildFile; fileRef = 306E1E672044743400471BA6 /* CloudQueryOperation.swift */; };
		306E1E6A20458DC300471BA6 /* CloudRecordFetch.swift in Sources */ = {isa = PBXBuildFile; fileRef = 306E1E6920458DC300471BA6 /* CloudRecordFetch.swift */; };
		30702402201A73AE008A0B5F /* CoreDataStack.swift in Sources */ = {isa = PBXBuildFile; fileRef = 30702401201A73AE008A0B5F /* CoreDataStack.swift */; };
		30702411201A7DE2008A0B5F /* TokenGenerator+CoreDataClass.swift in Sources */ = {isa = PBXBuildFile; fileRef = 30702409201A7DE2008A0B5F /* TokenGenerator+CoreDataClass.swift */; };
		30702412201A7DE2008A0B5F /* TokenGenerator+CoreDataProperties.swift in Sources */ = {isa = PBXBuildFile; fileRef = 3070240A201A7DE2008A0B5F /* TokenGenerator+CoreDataProperties.swift */; };
		30702418201AC924008A0B5F /* AircraftTableVC.swift in Sources */ = {isa = PBXBuildFile; fileRef = 30702417201AC924008A0B5F /* AircraftTableVC.swift */; };
		3070241F201BAB4F008A0B5F /* CabinetItem+CoreDataClass.swift in Sources */ = {isa = PBXBuildFile; fileRef = 30702419201BAB4F008A0B5F /* CabinetItem+CoreDataClass.swift */; };
		30702420201BAB4F008A0B5F /* CabinetItem+CoreDataProperties.swift in Sources */ = {isa = PBXBuildFile; fileRef = 3070241A201BAB4F008A0B5F /* CabinetItem+CoreDataProperties.swift */; };
		30702421201BAB4F008A0B5F /* Cabinet+CoreDataClass.swift in Sources */ = {isa = PBXBuildFile; fileRef = 3070241B201BAB4F008A0B5F /* Cabinet+CoreDataClass.swift */; };
		30702422201BAB4F008A0B5F /* Cabinet+CoreDataProperties.swift in Sources */ = {isa = PBXBuildFile; fileRef = 3070241C201BAB4F008A0B5F /* Cabinet+CoreDataProperties.swift */; };
		30702423201BAB4F008A0B5F /* Aircraft+CoreDataClass.swift in Sources */ = {isa = PBXBuildFile; fileRef = 3070241D201BAB4F008A0B5F /* Aircraft+CoreDataClass.swift */; };
		30702424201BAB4F008A0B5F /* Aircraft+CoreDataProperties.swift in Sources */ = {isa = PBXBuildFile; fileRef = 3070241E201BAB4F008A0B5F /* Aircraft+CoreDataProperties.swift */; };
		3070242C201BAEA4008A0B5F /* CoreDataModelEnum.swift in Sources */ = {isa = PBXBuildFile; fileRef = 3070242B201BAEA4008A0B5F /* CoreDataModelEnum.swift */; };
		30CDBF0A202542F20074C7CF /* CabinetItemVC.swift in Sources */ = {isa = PBXBuildFile; fileRef = 30CDBF09202542F20074C7CF /* CabinetItemVC.swift */; };
		30CDBF0C202543250074C7CF /* CabinetItemCell.swift in Sources */ = {isa = PBXBuildFile; fileRef = 30CDBF0B202543250074C7CF /* CabinetItemCell.swift */; };
		30E549D1201C148A008534A2 /* AircraftCell.swift in Sources */ = {isa = PBXBuildFile; fileRef = 30E549D0201C148A008534A2 /* AircraftCell.swift */; };
		30E549D6201C188B008534A2 /* CabinetVC.swift in Sources */ = {isa = PBXBuildFile; fileRef = 30E549D5201C188B008534A2 /* CabinetVC.swift */; };
		30E549D8201C1BDB008534A2 /* CabinetCell.swift in Sources */ = {isa = PBXBuildFile; fileRef = 30E549D7201C1BDB008534A2 /* CabinetCell.swift */; };
		30E549DA2020FC20008534A2 /* CoreDataManager.swift in Sources */ = {isa = PBXBuildFile; fileRef = 30E549D92020FC20008534A2 /* CoreDataManager.swift */; };
/* End PBXBuildFile section */

/* Begin PBXFileReference section */
		30054352205C6E6A005EBEFE /* ChangeLog.swift */ = {isa = PBXFileReference; lastKnownFileType = sourcecode.swift; path = ChangeLog.swift; sourceTree = "<group>"; };
		300F80322017BDDB00299BFC /* MajorStache.app */ = {isa = PBXFileReference; explicitFileType = wrapper.application; includeInIndex = 0; path = MajorStache.app; sourceTree = BUILT_PRODUCTS_DIR; };
		300F80352017BDDB00299BFC /* AppDelegate.swift */ = {isa = PBXFileReference; lastKnownFileType = sourcecode.swift; path = AppDelegate.swift; sourceTree = "<group>"; };
		300F803A2017BDDB00299BFC /* Base */ = {isa = PBXFileReference; lastKnownFileType = file.storyboard; name = Base; path = Base.lproj/Main.storyboard; sourceTree = "<group>"; };
		300F803D2017BDDC00299BFC /* Stash.xcdatamodel */ = {isa = PBXFileReference; lastKnownFileType = wrapper.xcdatamodel; path = Stash.xcdatamodel; sourceTree = "<group>"; };
		300F803F2017BDDC00299BFC /* Assets.xcassets */ = {isa = PBXFileReference; lastKnownFileType = folder.assetcatalog; path = Assets.xcassets; sourceTree = "<group>"; };
		300F80422017BDDC00299BFC /* Base */ = {isa = PBXFileReference; lastKnownFileType = file.storyboard; name = Base; path = Base.lproj/LaunchScreen.storyboard; sourceTree = "<group>"; };
		300F80442017BDDC00299BFC /* Info.plist */ = {isa = PBXFileReference; lastKnownFileType = text.plist.xml; path = Info.plist; sourceTree = "<group>"; };
		301F89892058806100F9772B /* SyncManager.swift */ = {isa = PBXFileReference; lastKnownFileType = sourcecode.swift; path = SyncManager.swift; sourceTree = "<group>"; };
		303F89882032596D00279B2D /* CloudDataManager.swift */ = {isa = PBXFileReference; lastKnownFileType = sourcecode.swift; path = CloudDataManager.swift; sourceTree = "<group>"; };
		303F89912033851100279B2D /* MajorStache.entitlements */ = {isa = PBXFileReference; lastKnownFileType = text.plist.entitlements; path = MajorStache.entitlements; sourceTree = "<group>"; };
		303F89922033851400279B2D /* CloudKit.framework */ = {isa = PBXFileReference; lastKnownFileType = wrapper.framework; name = CloudKit.framework; path = System/Library/Frameworks/CloudKit.framework; sourceTree = SDKROOT; };
		303F899420376A0800279B2D /* CKRecordConvertableProtocol.swift */ = {isa = PBXFileReference; lastKnownFileType = sourcecode.swift; path = CKRecordConvertableProtocol.swift; sourceTree = "<group>"; };
		305D32DC2027B9CF003ADC03 /* PopulatableProtocol.swift */ = {isa = PBXFileReference; lastKnownFileType = sourcecode.swift; path = PopulatableProtocol.swift; sourceTree = "<group>"; };
		305D32DF2027BAEB003ADC03 /* NSManagedObjectExtension.swift */ = {isa = PBXFileReference; lastKnownFileType = sourcecode.swift; path = NSManagedObjectExtension.swift; sourceTree = "<group>"; };
		306BE7392028161F00936022 /* AddCabinetItemVC.swift */ = {isa = PBXFileReference; lastKnownFileType = sourcecode.swift; path = AddCabinetItemVC.swift; sourceTree = "<group>"; };
		306BE73B2028A5FD00936022 /* CircleView.swift */ = {isa = PBXFileReference; lastKnownFileType = sourcecode.swift; path = CircleView.swift; sourceTree = "<group>"; };
		306E1E672044743400471BA6 /* CloudQueryOperation.swift */ = {isa = PBXFileReference; lastKnownFileType = sourcecode.swift; path = CloudQueryOperation.swift; sourceTree = "<group>"; };
		306E1E6920458DC300471BA6 /* CloudRecordFetch.swift */ = {isa = PBXFileReference; lastKnownFileType = sourcecode.swift; path = CloudRecordFetch.swift; sourceTree = "<group>"; };
		30702401201A73AE008A0B5F /* CoreDataStack.swift */ = {isa = PBXFileReference; lastKnownFileType = sourcecode.swift; path = CoreDataStack.swift; sourceTree = "<group>"; };
		30702409201A7DE2008A0B5F /* TokenGenerator+CoreDataClass.swift */ = {isa = PBXFileReference; lastKnownFileType = sourcecode.swift; path = "TokenGenerator+CoreDataClass.swift"; sourceTree = "<group>"; };
		3070240A201A7DE2008A0B5F /* TokenGenerator+CoreDataProperties.swift */ = {isa = PBXFileReference; lastKnownFileType = sourcecode.swift; path = "TokenGenerator+CoreDataProperties.swift"; sourceTree = "<group>"; };
		30702417201AC924008A0B5F /* AircraftTableVC.swift */ = {isa = PBXFileReference; lastKnownFileType = sourcecode.swift; path = AircraftTableVC.swift; sourceTree = "<group>"; };
		30702419201BAB4F008A0B5F /* CabinetItem+CoreDataClass.swift */ = {isa = PBXFileReference; lastKnownFileType = sourcecode.swift; path = "CabinetItem+CoreDataClass.swift"; sourceTree = "<group>"; };
		3070241A201BAB4F008A0B5F /* CabinetItem+CoreDataProperties.swift */ = {isa = PBXFileReference; lastKnownFileType = sourcecode.swift; path = "CabinetItem+CoreDataProperties.swift"; sourceTree = "<group>"; };
		3070241B201BAB4F008A0B5F /* Cabinet+CoreDataClass.swift */ = {isa = PBXFileReference; lastKnownFileType = sourcecode.swift; path = "Cabinet+CoreDataClass.swift"; sourceTree = "<group>"; };
		3070241C201BAB4F008A0B5F /* Cabinet+CoreDataProperties.swift */ = {isa = PBXFileReference; lastKnownFileType = sourcecode.swift; path = "Cabinet+CoreDataProperties.swift"; sourceTree = "<group>"; };
		3070241D201BAB4F008A0B5F /* Aircraft+CoreDataClass.swift */ = {isa = PBXFileReference; lastKnownFileType = sourcecode.swift; path = "Aircraft+CoreDataClass.swift"; sourceTree = "<group>"; };
		3070241E201BAB4F008A0B5F /* Aircraft+CoreDataProperties.swift */ = {isa = PBXFileReference; lastKnownFileType = sourcecode.swift; path = "Aircraft+CoreDataProperties.swift"; sourceTree = "<group>"; };
		3070242B201BAEA4008A0B5F /* CoreDataModelEnum.swift */ = {isa = PBXFileReference; lastKnownFileType = sourcecode.swift; path = CoreDataModelEnum.swift; sourceTree = "<group>"; };
		30CDBF09202542F20074C7CF /* CabinetItemVC.swift */ = {isa = PBXFileReference; lastKnownFileType = sourcecode.swift; path = CabinetItemVC.swift; sourceTree = "<group>"; };
		30CDBF0B202543250074C7CF /* CabinetItemCell.swift */ = {isa = PBXFileReference; lastKnownFileType = sourcecode.swift; path = CabinetItemCell.swift; sourceTree = "<group>"; };
		30E549D0201C148A008534A2 /* AircraftCell.swift */ = {isa = PBXFileReference; lastKnownFileType = sourcecode.swift; path = AircraftCell.swift; sourceTree = "<group>"; };
		30E549D5201C188B008534A2 /* CabinetVC.swift */ = {isa = PBXFileReference; lastKnownFileType = sourcecode.swift; path = CabinetVC.swift; sourceTree = "<group>"; };
		30E549D7201C1BDB008534A2 /* CabinetCell.swift */ = {isa = PBXFileReference; lastKnownFileType = sourcecode.swift; path = CabinetCell.swift; sourceTree = "<group>"; };
		30E549D92020FC20008534A2 /* CoreDataManager.swift */ = {isa = PBXFileReference; lastKnownFileType = sourcecode.swift; path = CoreDataManager.swift; sourceTree = "<group>"; };
/* End PBXFileReference section */

/* Begin PBXFrameworksBuildPhase section */
		300F802F2017BDDB00299BFC /* Frameworks */ = {
			isa = PBXFrameworksBuildPhase;
			buildActionMask = 2147483647;
			files = (
				303F89932033851400279B2D /* CloudKit.framework in Frameworks */,
			);
			runOnlyForDeploymentPostprocessing = 0;
		};
/* End PBXFrameworksBuildPhase section */

/* Begin PBXGroup section */
		300558BB2018FAF40004A106 /* CoreDataModels */ = {
			isa = PBXGroup;
			children = (
				3070241D201BAB4F008A0B5F /* Aircraft+CoreDataClass.swift */,
				3070241E201BAB4F008A0B5F /* Aircraft+CoreDataProperties.swift */,
				3070241B201BAB4F008A0B5F /* Cabinet+CoreDataClass.swift */,
				3070241C201BAB4F008A0B5F /* Cabinet+CoreDataProperties.swift */,
				30702419201BAB4F008A0B5F /* CabinetItem+CoreDataClass.swift */,
				3070241A201BAB4F008A0B5F /* CabinetItem+CoreDataProperties.swift */,
				30702409201A7DE2008A0B5F /* TokenGenerator+CoreDataClass.swift */,
				3070240A201A7DE2008A0B5F /* TokenGenerator+CoreDataProperties.swift */,
			);
			path = CoreDataModels;
			sourceTree = "<group>";
		};
		300F80292017BDDB00299BFC = {
			isa = PBXGroup;
			children = (
				300F80342017BDDB00299BFC /* MajorStache */,
				300F80332017BDDB00299BFC /* Products */,
				303F898B20325B2E00279B2D /* Frameworks */,
			);
			sourceTree = "<group>";
		};
		300F80332017BDDB00299BFC /* Products */ = {
			isa = PBXGroup;
			children = (
				300F80322017BDDB00299BFC /* MajorStache.app */,
			);
			name = Products;
			sourceTree = "<group>";
		};
		300F80342017BDDB00299BFC /* MajorStache */ = {
			isa = PBXGroup;
			children = (
				303F89912033851100279B2D /* MajorStache.entitlements */,
				300F80352017BDDB00299BFC /* AppDelegate.swift */,
				303F89882032596D00279B2D /* CloudDataManager.swift */,
				301F89892058806100F9772B /* SyncManager.swift */,
				30054352205C6E6A005EBEFE /* ChangeLog.swift */,
				306E1E6920458DC300471BA6 /* CloudRecordFetch.swift */,
				306E1E672044743400471BA6 /* CloudQueryOperation.swift */,
				30702401201A73AE008A0B5F /* CoreDataStack.swift */,
				30E549D92020FC20008534A2 /* CoreDataManager.swift */,
				3070242B201BAEA4008A0B5F /* CoreDataModelEnum.swift */,
				305D32DE2027B9E0003ADC03 /* Protocols */,
				305D32DB2027B6D0003ADC03 /* Extensions */,
				30E549D4201C17F1008534A2 /* ViewControllers */,
				300F80392017BDDB00299BFC /* Main.storyboard */,
				306BE73D2028A61B00936022 /* Drawn Views */,
				303F89872030CF8500279B2D /* TableViewCells */,
				300558BB2018FAF40004A106 /* CoreDataModels */,
				300F803F2017BDDC00299BFC /* Assets.xcassets */,
				300F80412017BDDC00299BFC /* LaunchScreen.storyboard */,
				300F80442017BDDC00299BFC /* Info.plist */,
				300F803C2017BDDC00299BFC /* Stache.xcdatamodeld */,
			);
			path = MajorStache;
			sourceTree = "<group>";
		};
		303F89872030CF8500279B2D /* TableViewCells */ = {
			isa = PBXGroup;
			children = (
				30E549D0201C148A008534A2 /* AircraftCell.swift */,
				30E549D7201C1BDB008534A2 /* CabinetCell.swift */,
				30CDBF0B202543250074C7CF /* CabinetItemCell.swift */,
			);
			path = TableViewCells;
			sourceTree = "<group>";
		};
		303F898B20325B2E00279B2D /* Frameworks */ = {
			isa = PBXGroup;
			children = (
				303F89922033851400279B2D /* CloudKit.framework */,
			);
			name = Frameworks;
			sourceTree = "<group>";
		};
		305D32DB2027B6D0003ADC03 /* Extensions */ = {
			isa = PBXGroup;
			children = (
				305D32DF2027BAEB003ADC03 /* NSManagedObjectExtension.swift */,
			);
			path = Extensions;
			sourceTree = "<group>";
		};
		305D32DE2027B9E0003ADC03 /* Protocols */ = {
			isa = PBXGroup;
			children = (
				305D32DC2027B9CF003ADC03 /* PopulatableProtocol.swift */,
				303F899420376A0800279B2D /* CKRecordConvertableProtocol.swift */,
			);
			path = Protocols;
			sourceTree = "<group>";
		};
		306BE73D2028A61B00936022 /* Drawn Views */ = {
			isa = PBXGroup;
			children = (
				306BE73B2028A5FD00936022 /* CircleView.swift */,
			);
			path = "Drawn Views";
			sourceTree = "<group>";
		};
		30E549D4201C17F1008534A2 /* ViewControllers */ = {
			isa = PBXGroup;
			children = (
				30702417201AC924008A0B5F /* AircraftTableVC.swift */,
				30E549D5201C188B008534A2 /* CabinetVC.swift */,
				30CDBF09202542F20074C7CF /* CabinetItemVC.swift */,
				306BE7392028161F00936022 /* AddCabinetItemVC.swift */,
			);
			path = ViewControllers;
			sourceTree = "<group>";
		};
/* End PBXGroup section */

/* Begin PBXNativeTarget section */
		300F80312017BDDB00299BFC /* MajorStache */ = {
			isa = PBXNativeTarget;
			buildConfigurationList = 300F80472017BDDC00299BFC /* Build configuration list for PBXNativeTarget "MajorStache" */;
			buildPhases = (
				300F802E2017BDDB00299BFC /* Sources */,
				300F802F2017BDDB00299BFC /* Frameworks */,
				300F80302017BDDB00299BFC /* Resources */,
			);
			buildRules = (
			);
			dependencies = (
			);
			name = MajorStache;
			productName = Stash;
			productReference = 300F80322017BDDB00299BFC /* MajorStache.app */;
			productType = "com.apple.product-type.application";
		};
/* End PBXNativeTarget section */

/* Begin PBXProject section */
		300F802A2017BDDB00299BFC /* Project object */ = {
			isa = PBXProject;
			attributes = {
				LastSwiftUpdateCheck = 0920;
				LastUpgradeCheck = 1010;
				ORGANIZATIONNAME = "Christopher Martin";
				TargetAttributes = {
					300F80312017BDDB00299BFC = {
						CreatedOnToolsVersion = 9.2;
						LastSwiftMigration = 1010;
						ProvisioningStyle = Automatic;
						SystemCapabilities = {
							com.apple.Push = {
								enabled = 1;
							};
							com.apple.iCloud = {
								enabled = 1;
							};
						};
					};
				};
			};
			buildConfigurationList = 300F802D2017BDDB00299BFC /* Build configuration list for PBXProject "MajorStache" */;
			compatibilityVersion = "Xcode 8.0";
			developmentRegion = en;
			hasScannedForEncodings = 0;
			knownRegions = (
				en,
				Base,
			);
			mainGroup = 300F80292017BDDB00299BFC;
			productRefGroup = 300F80332017BDDB00299BFC /* Products */;
			projectDirPath = "";
			projectRoot = "";
			targets = (
				300F80312017BDDB00299BFC /* MajorStache */,
			);
		};
/* End PBXProject section */

/* Begin PBXResourcesBuildPhase section */
		300F80302017BDDB00299BFC /* Resources */ = {
			isa = PBXResourcesBuildPhase;
			buildActionMask = 2147483647;
			files = (
				300F80432017BDDC00299BFC /* LaunchScreen.storyboard in Resources */,
				300F80402017BDDC00299BFC /* Assets.xcassets in Resources */,
				300F803B2017BDDB00299BFC /* Main.storyboard in Resources */,
			);
			runOnlyForDeploymentPostprocessing = 0;
		};
/* End PBXResourcesBuildPhase section */

/* Begin PBXSourcesBuildPhase section */
		300F802E2017BDDB00299BFC /* Sources */ = {
			isa = PBXSourcesBuildPhase;
			buildActionMask = 2147483647;
			files = (
				30054353205C6E6A005EBEFE /* ChangeLog.swift in Sources */,
				303F899520376A0800279B2D /* CKRecordConvertableProtocol.swift in Sources */,
				30702402201A73AE008A0B5F /* CoreDataStack.swift in Sources */,
				3070242C201BAEA4008A0B5F /* CoreDataModelEnum.swift in Sources */,
				30E549D8201C1BDB008534A2 /* CabinetCell.swift in Sources */,
				30E549D1201C148A008534A2 /* AircraftCell.swift in Sources */,
				306E1E6A20458DC300471BA6 /* CloudRecordFetch.swift in Sources */,
				30E549DA2020FC20008534A2 /* CoreDataManager.swift in Sources */,
				300F803E2017BDDC00299BFC /* Stache.xcdatamodeld in Sources */,
				30702420201BAB4F008A0B5F /* CabinetItem+CoreDataProperties.swift in Sources */,
				306BE73C2028A5FD00936022 /* CircleView.swift in Sources */,
				30702411201A7DE2008A0B5F /* TokenGenerator+CoreDataClass.swift in Sources */,
				30E549D6201C188B008534A2 /* CabinetVC.swift in Sources */,
				30702422201BAB4F008A0B5F /* Cabinet+CoreDataProperties.swift in Sources */,
				306BE73A2028161F00936022 /* AddCabinetItemVC.swift in Sources */,
				30CDBF0A202542F20074C7CF /* CabinetItemVC.swift in Sources */,
				303F89892032596D00279B2D /* CloudDataManager.swift in Sources */,
				301F898A2058806100F9772B /* SyncManager.swift in Sources */,
				30702421201BAB4F008A0B5F /* Cabinet+CoreDataClass.swift in Sources */,
				305D32E02027BAEB003ADC03 /* NSManagedObjectExtension.swift in Sources */,
				30CDBF0C202543250074C7CF /* CabinetItemCell.swift in Sources */,
				3070241F201BAB4F008A0B5F /* CabinetItem+CoreDataClass.swift in Sources */,
				300F80362017BDDB00299BFC /* AppDelegate.swift in Sources */,
				306E1E682044743400471BA6 /* CloudQueryOperation.swift in Sources */,
				305D32DD2027B9CF003ADC03 /* PopulatableProtocol.swift in Sources */,
				30702412201A7DE2008A0B5F /* TokenGenerator+CoreDataProperties.swift in Sources */,
				30702418201AC924008A0B5F /* AircraftTableVC.swift in Sources */,
				30702424201BAB4F008A0B5F /* Aircraft+CoreDataProperties.swift in Sources */,
				30702423201BAB4F008A0B5F /* Aircraft+CoreDataClass.swift in Sources */,
			);
			runOnlyForDeploymentPostprocessing = 0;
		};
/* End PBXSourcesBuildPhase section */

/* Begin PBXVariantGroup section */
		300F80392017BDDB00299BFC /* Main.storyboard */ = {
			isa = PBXVariantGroup;
			children = (
				300F803A2017BDDB00299BFC /* Base */,
			);
			name = Main.storyboard;
			sourceTree = "<group>";
		};
		300F80412017BDDC00299BFC /* LaunchScreen.storyboard */ = {
			isa = PBXVariantGroup;
			children = (
				300F80422017BDDC00299BFC /* Base */,
			);
			name = LaunchScreen.storyboard;
			sourceTree = "<group>";
		};
/* End PBXVariantGroup section */

/* Begin XCBuildConfiguration section */
		300F80452017BDDC00299BFC /* Debug */ = {
			isa = XCBuildConfiguration;
			buildSettings = {
				ALWAYS_SEARCH_USER_PATHS = NO;
				CLANG_ANALYZER_NONNULL = YES;
				CLANG_ANALYZER_NUMBER_OBJECT_CONVERSION = YES_AGGRESSIVE;
				CLANG_CXX_LANGUAGE_STANDARD = "gnu++14";
				CLANG_CXX_LIBRARY = "libc++";
				CLANG_ENABLE_MODULES = YES;
				CLANG_ENABLE_OBJC_ARC = YES;
				CLANG_WARN_BLOCK_CAPTURE_AUTORELEASING = YES;
				CLANG_WARN_BOOL_CONVERSION = YES;
				CLANG_WARN_COMMA = YES;
				CLANG_WARN_CONSTANT_CONVERSION = YES;
				CLANG_WARN_DEPRECATED_OBJC_IMPLEMENTATIONS = YES;
				CLANG_WARN_DIRECT_OBJC_ISA_USAGE = YES_ERROR;
				CLANG_WARN_DOCUMENTATION_COMMENTS = YES;
				CLANG_WARN_EMPTY_BODY = YES;
				CLANG_WARN_ENUM_CONVERSION = YES;
				CLANG_WARN_INFINITE_RECURSION = YES;
				CLANG_WARN_INT_CONVERSION = YES;
				CLANG_WARN_NON_LITERAL_NULL_CONVERSION = YES;
				CLANG_WARN_OBJC_IMPLICIT_RETAIN_SELF = YES;
				CLANG_WARN_OBJC_LITERAL_CONVERSION = YES;
				CLANG_WARN_OBJC_ROOT_CLASS = YES_ERROR;
				CLANG_WARN_RANGE_LOOP_ANALYSIS = YES;
				CLANG_WARN_STRICT_PROTOTYPES = YES;
				CLANG_WARN_SUSPICIOUS_MOVE = YES;
				CLANG_WARN_UNGUARDED_AVAILABILITY = YES_AGGRESSIVE;
				CLANG_WARN_UNREACHABLE_CODE = YES;
				CLANG_WARN__DUPLICATE_METHOD_MATCH = YES;
				CODE_SIGN_IDENTITY = "iPhone Developer";
				COPY_PHASE_STRIP = NO;
				DEBUG_INFORMATION_FORMAT = dwarf;
				ENABLE_STRICT_OBJC_MSGSEND = YES;
				ENABLE_TESTABILITY = YES;
				GCC_C_LANGUAGE_STANDARD = gnu11;
				GCC_DYNAMIC_NO_PIC = NO;
				GCC_NO_COMMON_BLOCKS = YES;
				GCC_OPTIMIZATION_LEVEL = 0;
				GCC_PREPROCESSOR_DEFINITIONS = (
					"DEBUG=1",
					"$(inherited)",
				);
				GCC_WARN_64_TO_32_BIT_CONVERSION = YES;
				GCC_WARN_ABOUT_RETURN_TYPE = YES_ERROR;
				GCC_WARN_UNDECLARED_SELECTOR = YES;
				GCC_WARN_UNINITIALIZED_AUTOS = YES_AGGRESSIVE;
				GCC_WARN_UNUSED_FUNCTION = YES;
				GCC_WARN_UNUSED_VARIABLE = YES;
				IPHONEOS_DEPLOYMENT_TARGET = 11.2;
				MTL_ENABLE_DEBUG_INFO = YES;
				ONLY_ACTIVE_ARCH = YES;
				SDKROOT = iphoneos;
				SWIFT_ACTIVE_COMPILATION_CONDITIONS = DEBUG;
				SWIFT_OPTIMIZATION_LEVEL = "-Onone";
			};
			name = Debug;
		};
		300F80462017BDDC00299BFC /* Release */ = {
			isa = XCBuildConfiguration;
			buildSettings = {
				ALWAYS_SEARCH_USER_PATHS = NO;
				CLANG_ANALYZER_NONNULL = YES;
				CLANG_ANALYZER_NUMBER_OBJECT_CONVERSION = YES_AGGRESSIVE;
				CLANG_CXX_LANGUAGE_STANDARD = "gnu++14";
				CLANG_CXX_LIBRARY = "libc++";
				CLANG_ENABLE_MODULES = YES;
				CLANG_ENABLE_OBJC_ARC = YES;
				CLANG_WARN_BLOCK_CAPTURE_AUTORELEASING = YES;
				CLANG_WARN_BOOL_CONVERSION = YES;
				CLANG_WARN_COMMA = YES;
				CLANG_WARN_CONSTANT_CONVERSION = YES;
				CLANG_WARN_DEPRECATED_OBJC_IMPLEMENTATIONS = YES;
				CLANG_WARN_DIRECT_OBJC_ISA_USAGE = YES_ERROR;
				CLANG_WARN_DOCUMENTATION_COMMENTS = YES;
				CLANG_WARN_EMPTY_BODY = YES;
				CLANG_WARN_ENUM_CONVERSION = YES;
				CLANG_WARN_INFINITE_RECURSION = YES;
				CLANG_WARN_INT_CONVERSION = YES;
				CLANG_WARN_NON_LITERAL_NULL_CONVERSION = YES;
				CLANG_WARN_OBJC_IMPLICIT_RETAIN_SELF = YES;
				CLANG_WARN_OBJC_LITERAL_CONVERSION = YES;
				CLANG_WARN_OBJC_ROOT_CLASS = YES_ERROR;
				CLANG_WARN_RANGE_LOOP_ANALYSIS = YES;
				CLANG_WARN_STRICT_PROTOTYPES = YES;
				CLANG_WARN_SUSPICIOUS_MOVE = YES;
				CLANG_WARN_UNGUARDED_AVAILABILITY = YES_AGGRESSIVE;
				CLANG_WARN_UNREACHABLE_CODE = YES;
				CLANG_WARN__DUPLICATE_METHOD_MATCH = YES;
				CODE_SIGN_IDENTITY = "iPhone Developer";
				COPY_PHASE_STRIP = NO;
				DEBUG_INFORMATION_FORMAT = "dwarf-with-dsym";
				ENABLE_NS_ASSERTIONS = NO;
				ENABLE_STRICT_OBJC_MSGSEND = YES;
				GCC_C_LANGUAGE_STANDARD = gnu11;
				GCC_NO_COMMON_BLOCKS = YES;
				GCC_WARN_64_TO_32_BIT_CONVERSION = YES;
				GCC_WARN_ABOUT_RETURN_TYPE = YES_ERROR;
				GCC_WARN_UNDECLARED_SELECTOR = YES;
				GCC_WARN_UNINITIALIZED_AUTOS = YES_AGGRESSIVE;
				GCC_WARN_UNUSED_FUNCTION = YES;
				GCC_WARN_UNUSED_VARIABLE = YES;
				IPHONEOS_DEPLOYMENT_TARGET = 11.2;
				MTL_ENABLE_DEBUG_INFO = NO;
				SDKROOT = iphoneos;
				SWIFT_OPTIMIZATION_LEVEL = "-Owholemodule";
				VALIDATE_PRODUCT = YES;
			};
			name = Release;
		};
		300F80482017BDDC00299BFC /* Debug */ = {
			isa = XCBuildConfiguration;
			buildSettings = {
				ASSETCATALOG_COMPILER_APPICON_NAME = AppIcon;
				CODE_SIGN_ENTITLEMENTS = MajorStache/MajorStache.entitlements;
				CODE_SIGN_STYLE = Automatic;
				DEVELOPMENT_TEAM = 974VC57NGN;
				INFOPLIST_FILE = MajorStache/Info.plist;
				IPHONEOS_DEPLOYMENT_TARGET = 12.1;
				LD_RUNPATH_SEARCH_PATHS = "$(inherited) @executable_path/Frameworks";
				PRODUCT_BUNDLE_IDENTIFIER = com.martindev.MajorStache;
				PRODUCT_NAME = "$(TARGET_NAME)";
				SWIFT_VERSION = 4.2;
				TARGETED_DEVICE_FAMILY = "1,2";
			};
			name = Debug;
		};
		300F80492017BDDC00299BFC /* Release */ = {
			isa = XCBuildConfiguration;
			buildSettings = {
				ASSETCATALOG_COMPILER_APPICON_NAME = AppIcon;
				CODE_SIGN_ENTITLEMENTS = MajorStache/MajorStache.entitlements;
				CODE_SIGN_STYLE = Automatic;
				DEVELOPMENT_TEAM = 974VC57NGN;
				INFOPLIST_FILE = MajorStache/Info.plist;
				IPHONEOS_DEPLOYMENT_TARGET = 12.1;
				LD_RUNPATH_SEARCH_PATHS = "$(inherited) @executable_path/Frameworks";
				PRODUCT_BUNDLE_IDENTIFIER = com.martindev.MajorStache;
				PRODUCT_NAME = "$(TARGET_NAME)";
				SWIFT_VERSION = 4.2;
				TARGETED_DEVICE_FAMILY = "1,2";
			};
			name = Release;
		};
/* End XCBuildConfiguration section */

/* Begin XCConfigurationList section */
		300F802D2017BDDB00299BFC /* Build configuration list for PBXProject "MajorStache" */ = {
			isa = XCConfigurationList;
			buildConfigurations = (
				300F80452017BDDC00299BFC /* Debug */,
				300F80462017BDDC00299BFC /* Release */,
			);
			defaultConfigurationIsVisible = 0;
			defaultConfigurationName = Release;
		};
		300F80472017BDDC00299BFC /* Build configuration list for PBXNativeTarget "MajorStache" */ = {
			isa = XCConfigurationList;
			buildConfigurations = (
				300F80482017BDDC00299BFC /* Debug */,
				300F80492017BDDC00299BFC /* Release */,
			);
			defaultConfigurationIsVisible = 0;
			defaultConfigurationName = Release;
		};
/* End XCConfigurationList section */

/* Begin XCVersionGroup section */
		300F803C2017BDDC00299BFC /* Stache.xcdatamodeld */ = {
			isa = XCVersionGroup;
			children = (
				300F803D2017BDDC00299BFC /* Stash.xcdatamodel */,
			);
			currentVersion = 300F803D2017BDDC00299BFC /* Stash.xcdatamodel */;
			path = Stache.xcdatamodeld;
			sourceTree = "<group>";
			versionGroupType = wrapper.xcdatamodel;
		};
/* End XCVersionGroup section */
	};
	rootObject = 300F802A2017BDDB00299BFC /* Project object */;
}
